
Microsoft Visual Studio Solution File, Format Version 12.00
# Visual Studio Version 17
VisualStudioVersion = 17.4.33205.214
MinimumVisualStudioVersion = 10.0.40219.1
Project("{8BC9CEB8-8B4A-11D0-8D11-00A0C91BC942}") = "Home work 23.12.2022", "Home work 23.12.2022\Home work 23.12.2022.vcxproj", "{9B5B8FC4-0BC3-4032-9A32-18D34125E2E6}"
EndProject
Global
	GlobalSection(SolutionConfigurationPlatforms) = preSolution
		Debug|x64 = Debug|x64
		Debug|x86 = Debug|x86
		Release|x64 = Release|x64
		Release|x86 = Release|x86
	EndGlobalSection
	GlobalSection(ProjectConfigurationPlatforms) = postSolution
		{9B5B8FC4-0BC3-4032-9A32-18D34125E2E6}.Debug|x64.ActiveCfg = Debug|x64
		{9B5B8FC4-0BC3-4032-9A32-18D34125E2E6}.Debug|x64.Build.0 = Debug|x64
		{9B5B8FC4-0BC3-4032-9A32-18D34125E2E6}.Debug|x86.ActiveCfg = Debug|Win32
		{9B5B8FC4-0BC3-4032-9A32-18D34125E2E6}.Debug|x86.Build.0 = Debug|Win32
		{9B5B8FC4-0BC3-4032-9A32-18D34125E2E6}.Release|x64.ActiveCfg = Release|x64
		{9B5B8FC4-0BC3-4032-9A32-18D34125E2E6}.Release|x64.Build.0 = Release|x64
		{9B5B8FC4-0BC3-4032-9A32-18D34125E2E6}.Release|x86.ActiveCfg = Release|Win32
		{9B5B8FC4-0BC3-4032-9A32-18D34125E2E6}.Release|x86.Build.0 = Release|Win32
	EndGlobalSection
	GlobalSection(SolutionProperties) = preSolution
		HideSolutionNode = FALSE
	EndGlobalSection
	GlobalSection(ExtensibilityGlobals) = postSolution
		SolutionGuid = {36A2690C-4157-4508-BB2D-8BDBC972F481}
	EndGlobalSection
EndGlobal
